
Microsoft Visual Studio Solution File, Format Version 12.00
# Visual Studio 15
VisualStudioVersion = 15.0.27428.2015
MinimumVisualStudioVersion = 10.0.40219.1
Project("{9A19103F-16F7-4668-BE54-9A1E7A4F7556}") = "Buildit.Crawler", "Buildit.Crawler\Buildit.Crawler.csproj", "{5A094A92-4FC5-420E-86F6-431A1F2A223E}"
EndProject
Project("{9A19103F-16F7-4668-BE54-9A1E7A4F7556}") = "Buildit.Crawler.Test", "Buildit.Crawler.Test\Buildit.Crawler.Test.csproj", "{89768180-2F0B-4B7A-8851-474C5D6F4EB1}"
EndProject
Global
	GlobalSection(SolutionConfigurationPlatforms) = preSolution
		Debug|Any CPU = Debug|Any CPU
		Release|Any CPU = Release|Any CPU
	EndGlobalSection
	GlobalSection(ProjectConfigurationPlatforms) = postSolution
		{5A094A92-4FC5-420E-86F6-431A1F2A223E}.Debug|Any CPU.ActiveCfg = Debug|Any CPU
		{5A094A92-4FC5-420E-86F6-431A1F2A223E}.Debug|Any CPU.Build.0 = Debug|Any CPU
		{5A094A92-4FC5-420E-86F6-431A1F2A223E}.Release|Any CPU.ActiveCfg = Release|Any CPU
		{5A094A92-4FC5-420E-86F6-431A1F2A223E}.Release|Any CPU.Build.0 = Release|Any CPU
		{89768180-2F0B-4B7A-8851-474C5D6F4EB1}.Debug|Any CPU.ActiveCfg = Debug|Any CPU
		{89768180-2F0B-4B7A-8851-474C5D6F4EB1}.Debug|Any CPU.Build.0 = Debug|Any CPU
		{89768180-2F0B-4B7A-8851-474C5D6F4EB1}.Release|Any CPU.ActiveCfg = Release|Any CPU
		{89768180-2F0B-4B7A-8851-474C5D6F4EB1}.Release|Any CPU.Build.0 = Release|Any CPU
	EndGlobalSection
	GlobalSection(SolutionProperties) = preSolution
		HideSolutionNode = FALSE
	EndGlobalSection
	GlobalSection(ExtensibilityGlobals) = postSolution
		SolutionGuid = {485A25DB-7A59-4B0A-90EE-41BCA261C7F8}
	EndGlobalSection
EndGlobal
